
Microsoft Visual Studio Solution File, Format Version 12.00
# Visual Studio Version 17
VisualStudioVersion = 17.1.32407.343
MinimumVisualStudioVersion = 10.0.40219.1
Project("{FAE04EC0-301F-11D3-BF4B-00C04F79EFBC}") = "Module4 Itog", "Module4 Itog\Module4 Itog.csproj", "{DACAC8B3-7DAF-4F43-9B34-C07252F1BC47}"
EndProject
Global
	GlobalSection(SolutionConfigurationPlatforms) = preSolution
		Debug|Any CPU = Debug|Any CPU
		Release|Any CPU = Release|Any CPU
	EndGlobalSection
	GlobalSection(ProjectConfigurationPlatforms) = postSolution
		{DACAC8B3-7DAF-4F43-9B34-C07252F1BC47}.Debug|Any CPU.ActiveCfg = Debug|Any CPU
		{DACAC8B3-7DAF-4F43-9B34-C07252F1BC47}.Debug|Any CPU.Build.0 = Debug|Any CPU
		{DACAC8B3-7DAF-4F43-9B34-C07252F1BC47}.Release|Any CPU.ActiveCfg = Release|Any CPU
		{DACAC8B3-7DAF-4F43-9B34-C07252F1BC47}.Release|Any CPU.Build.0 = Release|Any CPU
	EndGlobalSection
	GlobalSection(SolutionProperties) = preSolution
		HideSolutionNode = FALSE
	EndGlobalSection
	GlobalSection(ExtensibilityGlobals) = postSolution
		SolutionGuid = {3BA174B5-F29F-432B-B784-C68E468471D2}
	EndGlobalSection
EndGlobal
